
Microsoft Visual Studio Solution File, Format Version 12.00
# Visual Studio Version 16
VisualStudioVersion = 16.0.30907.101
MinimumVisualStudioVersion = 10.0.40219.1
Project("{FAE04EC0-301F-11D3-BF4B-00C04F79EFBC}") = "programacion_1_parcial_2", "programacion_1_parcial_2\programacion_1_parcial_2.csproj", "{C1EF5A10-B91C-48AE-AB3E-D2C5410B9C29}"
EndProject
Global
	GlobalSection(SolutionConfigurationPlatforms) = preSolution
		Debug|Any CPU = Debug|Any CPU
		Release|Any CPU = Release|Any CPU
	EndGlobalSection
	GlobalSection(ProjectConfigurationPlatforms) = postSolution
		{C1EF5A10-B91C-48AE-AB3E-D2C5410B9C29}.Debug|Any CPU.ActiveCfg = Debug|Any CPU
		{C1EF5A10-B91C-48AE-AB3E-D2C5410B9C29}.Debug|Any CPU.Build.0 = Debug|Any CPU
		{C1EF5A10-B91C-48AE-AB3E-D2C5410B9C29}.Release|Any CPU.ActiveCfg = Release|Any CPU
		{C1EF5A10-B91C-48AE-AB3E-D2C5410B9C29}.Release|Any CPU.Build.0 = Release|Any CPU
	EndGlobalSection
	GlobalSection(SolutionProperties) = preSolution
		HideSolutionNode = FALSE
	EndGlobalSection
	GlobalSection(ExtensibilityGlobals) = postSolution
		SolutionGuid = {3F3B960D-E45B-4105-9BB3-30A00ECF6F7A}
	EndGlobalSection
EndGlobal
